// !$*UTF8*$!
{
	archiveVersion = 1;
	classes = {
	};
	objectVersion = 46;
	objects = {

/* Begin PBXBuildFile section */
		AE59B5BB1CB20B0600D016A6 /* main.m in Sources */ = {isa = PBXBuildFile; fileRef = AE59B5BA1CB20B0600D016A6 /* main.m */; };
		AE59B5BE1CB20B0600D016A6 /* AppDelegate.m in Sources */ = {isa = PBXBuildFile; fileRef = AE59B5BD1CB20B0600D016A6 /* AppDelegate.m */; };
		AE59B5C11CB20B0600D016A6 /* ViewController.m in Sources */ = {isa = PBXBuildFile; fileRef = AE59B5C01CB20B0600D016A6 /* ViewController.m */; };
		AE59B5C41CB20B0600D016A6 /* Main.storyboard in Resources */ = {isa = PBXBuildFile; fileRef = AE59B5C21CB20B0600D016A6 /* Main.storyboard */; };
		AE59B5C61CB20B0600D016A6 /* Assets.xcassets in Resources */ = {isa = PBXBuildFile; fileRef = AE59B5C51CB20B0600D016A6 /* Assets.xcassets */; };
		AE59B5C91CB20B0600D016A6 /* LaunchScreen.storyboard in Resources */ = {isa = PBXBuildFile; fileRef = AE59B5C71CB20B0600D016A6 /* LaunchScreen.storyboard */; };
		AE59B5D11CB20BBE00D016A6 /* MapKit.framework in Frameworks */ = {isa = PBXBuildFile; fileRef = AE59B5D01CB20BBE00D016A6 /* MapKit.framework */; };
/* End PBXBuildFile section */

/* Begin PBXFileReference section */
		AE59B5B61CB20B0600D016A6 /* Reverse Geocode Live Demo 01.app */ = {isa = PBXFileReference; explicitFileType = wrapper.application; includeInIndex = 0; path = "Reverse Geocode Live Demo 01.app"; sourceTree = BUILT_PRODUCTS_DIR; };
		AE59B5BA1CB20B0600D016A6 /* main.m */ = {isa = PBXFileReference; lastKnownFileType = sourcecode.c.objc; path = main.m; sourceTree = "<group>"; };
		AE59B5BC1CB20B0600D016A6 /* AppDelegate.h */ = {isa = PBXFileReference; lastKnownFileType = sourcecode.c.h; path = AppDelegate.h; sourceTree = "<group>"; };
		AE59B5BD1CB20B0600D016A6 /* AppDelegate.m */ = {isa = PBXFileReference; lastKnownFileType = sourcecode.c.objc; path = AppDelegate.m; sourceTree = "<group>"; };
		AE59B5BF1CB20B0600D016A6 /* ViewController.h */ = {isa = PBXFileReference; lastKnownFileType = sourcecode.c.h; path = ViewController.h; sourceTree = "<group>"; };
		AE59B5C01CB20B0600D016A6 /* ViewController.m */ = {isa = PBXFileReference; lastKnownFileType = sourcecode.c.objc; path = ViewController.m; sourceTree = "<group>"; };
		AE59B5C31CB20B0600D016A6 /* Base */ = {isa = PBXFileReference; lastKnownFileType = file.storyboard; name = Base; path = Base.lproj/Main.storyboard; sourceTree = "<group>"; };
		AE59B5C51CB20B0600D016A6 /* Assets.xcassets */ = {isa = PBXFileReference; lastKnownFileType = folder.assetcatalog; path = Assets.xcassets; sourceTree = "<group>"; };
		AE59B5C81CB20B0600D016A6 /* Base */ = {isa = PBXFileReference; lastKnownFileType = file.storyboard; name = Base; path = Base.lproj/LaunchScreen.storyboard; sourceTree = "<group>"; };
		AE59B5CA1CB20B0600D016A6 /* Info.plist */ = {isa = PBXFileReference; lastKnownFileType = text.plist.xml; path = Info.plist; sourceTree = "<group>"; };
		AE59B5D01CB20BBE00D016A6 /* MapKit.framework */ = {isa = PBXFileReference; lastKnownFileType = wrapper.framework; name = MapKit.framework; path = System/Library/Frameworks/MapKit.framework; sourceTree = SDKROOT; };
/* End PBXFileReference section */

/* Begin PBXFrameworksBuildPhase section */
		AE59B5B31CB20B0600D016A6 /* Frameworks */ = {
			isa = PBXFrameworksBuildPhase;
			buildActionMask = 2147483647;
			files = (
				AE59B5D11CB20BBE00D016A6 /* MapKit.framework in Frameworks */,
			);
			runOnlyForDeploymentPostprocessing = 0;
		};
/* End PBXFrameworksBuildPhase section */

/* Begin PBXGroup section */
		AE59B5AD1CB20B0600D016A6 = {
			isa = PBXGroup;
			children = (
				AE59B5D01CB20BBE00D016A6 /* MapKit.framework */,
				AE59B5B81CB20B0600D016A6 /* Reverse Geocode Live Demo 01 */,
				AE59B5B71CB20B0600D016A6 /* Products */,
			);
			sourceTree = "<group>";
		};
		AE59B5B71CB20B0600D016A6 /* Products */ = {
			isa = PBXGroup;
			children = (
				AE59B5B61CB20B0600D016A6 /* Reverse Geocode Live Demo 01.app */,
			);
			name = Products;
			sourceTree = "<group>";
		};
		AE59B5B81CB20B0600D016A6 /* Reverse Geocode Live Demo 01 */ = {
			isa = PBXGroup;
			children = (
				AE59B5BC1CB20B0600D016A6 /* AppDelegate.h */,
				AE59B5BD1CB20B0600D016A6 /* AppDelegate.m */,
				AE59B5BF1CB20B0600D016A6 /* ViewController.h */,
				AE59B5C01CB20B0600D016A6 /* ViewController.m */,
				AE59B5C21CB20B0600D016A6 /* Main.storyboard */,
				AE59B5C51CB20B0600D016A6 /* Assets.xcassets */,
				AE59B5C71CB20B0600D016A6 /* LaunchScreen.storyboard */,
				AE59B5CA1CB20B0600D016A6 /* Info.plist */,
				AE59B5B91CB20B0600D016A6 /* Supporting Files */,
			);
			path = "Reverse Geocode Live Demo 01";
			sourceTree = "<group>";
		};
		AE59B5B91CB20B0600D016A6 /* Supporting Files */ = {
			isa = PBXGroup;
			children = (
				AE59B5BA1CB20B0600D016A6 /* main.m */,
			);
			name = "Supporting Files";
			sourceTree = "<group>";
		};
/* End PBXGroup section */

/* Begin PBXNativeTarget section */
		AE59B5B51CB20B0600D016A6 /* Reverse Geocode Live Demo 01 */ = {
			isa = PBXNativeTarget;
			buildConfigurationList = AE59B5CD1CB20B0600D016A6 /* Build configuration list for PBXNativeTarget "Reverse Geocode Live Demo 01" */;
			buildPhases = (
				AE59B5B21CB20B0600D016A6 /* Sources */,
				AE59B5B31CB20B0600D016A6 /* Frameworks */,
				AE59B5B41CB20B0600D016A6 /* Resources */,
			);
			buildRules = (
			);
			dependencies = (
			);
			name = "Reverse Geocode Live Demo 01";
			productName = "Reverse Geocode Live Demo 01";
			productReference = AE59B5B61CB20B0600D016A6 /* Reverse Geocode Live Demo 01.app */;
			productType = "com.apple.product-type.application";
		};
/* End PBXNativeTarget section */

/* Begin PBXProject section */
		AE59B5AE1CB20B0600D016A6 /* Project object */ = {
			isa = PBXProject;
			attributes = {
				LastUpgradeCheck = 0730;
				ORGANIZATIONNAME = "Felipe Lefevre Marino";
				TargetAttributes = {
					AE59B5B51CB20B0600D016A6 = {
						CreatedOnToolsVersion = 7.3;
						DevelopmentTeam = X9MK4PBNUW;
					};
				};
			};
			buildConfigurationList = AE59B5B11CB20B0600D016A6 /* Build configuration list for PBXProject "Reverse Geocode Live Demo 01" */;
			compatibilityVersion = "Xcode 3.2";
			developmentRegion = English;
			hasScannedForEncodings = 0;
			knownRegions = (
				en,
				Base,
			);
			mainGroup = AE59B5AD1CB20B0600D016A6;
			productRefGroup = AE59B5B71CB20B0600D016A6 /* Products */;
			projectDirPath = "";
			projectRoot = "";
			targets = (
				AE59B5B51CB20B0600D016A6 /* Reverse Geocode Live Demo 01 */,
			);
		};
/* End PBXProject section */

/* Begin PBXResourcesBuildPhase section */
		AE59B5B41CB20B0600D016A6 /* Resources */ = {
			isa = PBXResourcesBuildPhase;
			buildActionMask = 2147483647;
			files = (
				AE59B5C91CB20B0600D016A6 /* LaunchScreen.storyboard in Resources */,
				AE59B5C61CB20B0600D016A6 /* Assets.xcassets in Resources */,
				AE59B5C41CB20B0600D016A6 /* Main.storyboard in Resources */,
			);
			runOnlyForDeploymentPostprocessing = 0;
		};
/* End PBXResourcesBuildPhase section */

/* Begin PBXSourcesBuildPhase section */
		AE59B5B21CB20B0600D016A6 /* Sources */ = {
			isa = PBXSourcesBuildPhase;
			buildActionMask = 2147483647;
			files = (
				AE59B5C11CB20B0600D016A6 /* ViewController.m in Sources */,
				AE59B5BE1CB20B0600D016A6 /* AppDelegate.m in Sources */,
				AE59B5BB1CB20B0600D016A6 /* main.m in Sources */,
			);
			runOnlyForDeploymentPostprocessing = 0;
		};
/* End PBXSourcesBuildPhase section */

/* Begin PBXVariantGroup section */
		AE59B5C21CB20B0600D016A6 /* Main.storyboard */ = {
			isa = PBXVariantGroup;
			children = (
				AE59B5C31CB20B0600D016A6 /* Base */,
			);
			name = Main.storyboard;
			sourceTree = "<group>";
		};
		AE59B5C71CB20B0600D016A6 /* LaunchScreen.storyboard */ = {
			isa = PBXVariantGroup;
			children = (
				AE59B5C81CB20B0600D016A6 /* Base */,
			);
			name = LaunchScreen.storyboard;
			sourceTree = "<group>";
		};
/* End PBXVariantGroup section */

/* Begin XCBuildConfiguration section */
		AE59B5CB1CB20B0600D016A6 /* Debug */ = {
			isa = XCBuildConfiguration;
			buildSettings = {
				ALWAYS_SEARCH_USER_PATHS = NO;
				CLANG_CXX_LANGUAGE_STANDARD = "gnu++0x";
				CLANG_CXX_LIBRARY = "libc++";
				CLANG_ENABLE_MODULES = YES;
				CLANG_ENABLE_OBJC_ARC = YES;
				CLANG_WARN_BOOL_CONVERSION = YES;
				CLANG_WARN_CONSTANT_CONVERSION = YES;
				CLANG_WARN_DIRECT_OBJC_ISA_USAGE = YES_ERROR;
				CLANG_WARN_EMPTY_BODY = YES;
				CLANG_WARN_ENUM_CONVERSION = YES;
				CLANG_WARN_INT_CONVERSION = YES;
				CLANG_WARN_OBJC_ROOT_CLASS = YES_ERROR;
				CLANG_WARN_UNREACHABLE_CODE = YES;
				CLANG_WARN__DUPLICATE_METHOD_MATCH = YES;
				"CODE_SIGN_IDENTITY[sdk=iphoneos*]" = "iPhone Developer";
				COPY_PHASE_STRIP = NO;
				DEBUG_INFORMATION_FORMAT = dwarf;
				ENABLE_STRICT_OBJC_MSGSEND = YES;
				ENABLE_TESTABILITY = YES;
				GCC_C_LANGUAGE_STANDARD = gnu99;
				GCC_DYNAMIC_NO_PIC = NO;
				GCC_NO_COMMON_BLOCKS = YES;
				GCC_OPTIMIZATION_LEVEL = 0;
				GCC_PREPROCESSOR_DEFINITIONS = (
					"DEBUG=1",
					"$(inherited)",
				);
				GCC_WARN_64_TO_32_BIT_CONVERSION = YES;
				GCC_WARN_ABOUT_RETURN_TYPE = YES_ERROR;
				GCC_WARN_UNDECLARED_SELECTOR = YES;
				GCC_WARN_UNINITIALIZED_AUTOS = YES_AGGRESSIVE;
				GCC_WARN_UNUSED_FUNCTION = YES;
				GCC_WARN_UNUSED_VARIABLE = YES;
				IPHONEOS_DEPLOYMENT_TARGET = 9.3;
				MTL_ENABLE_DEBUG_INFO = YES;
				ONLY_ACTIVE_ARCH = YES;
				SDKROOT = iphoneos;
				TARGETED_DEVICE_FAMILY = "1,2";
			};
			name = Debug;
		};
		AE59B5CC1CB20B0600D016A6 /* Release */ = {
			isa = XCBuildConfiguration;
			buildSettings = {
				ALWAYS_SEARCH_USER_PATHS = NO;
				CLANG_CXX_LANGUAGE_STANDARD = "gnu++0x";
				CLANG_CXX_LIBRARY = "libc++";
				CLANG_ENABLE_MODULES = YES;
				CLANG_ENABLE_OBJC_ARC = YES;
				CLANG_WARN_BOOL_CONVERSION = YES;
				CLANG_WARN_CONSTANT_CONVERSION = YES;
				CLANG_WARN_DIRECT_OBJC_ISA_USAGE = YES_ERROR;
				CLANG_WARN_EMPTY_BODY = YES;
				CLANG_WARN_ENUM_CONVERSION = YES;
				CLANG_WARN_INT_CONVERSION = YES;
				CLANG_WARN_OBJC_ROOT_CLASS = YES_ERROR;
				CLANG_WARN_UNREACHABLE_CODE = YES;
				CLANG_WARN__DUPLICATE_METHOD_MATCH = YES;
				"CODE_SIGN_IDENTITY[sdk=iphoneos*]" = "iPhone Developer";
				COPY_PHASE_STRIP = NO;
				DEBUG_INFORMATION_FORMAT = "dwarf-with-dsym";
				ENABLE_NS_ASSERTIONS = NO;
				ENABLE_STRICT_OBJC_MSGSEND = YES;
				GCC_C_LANGUAGE_STANDARD = gnu99;
				GCC_NO_COMMON_BLOCKS = YES;
				GCC_WARN_64_TO_32_BIT_CONVERSION = YES;
				GCC_WARN_ABOUT_RETURN_TYPE = YES_ERROR;
				GCC_WARN_UNDECLARED_SELECTOR = YES;
				GCC_WARN_UNINITIALIZED_AUTOS = YES_AGGRESSIVE;
				GCC_WARN_UNUSED_FUNCTION = YES;
				GCC_WARN_UNUSED_VARIABLE = YES;
				IPHONEOS_DEPLOYMENT_TARGET = 9.3;
				MTL_ENABLE_DEBUG_INFO = NO;
				SDKROOT = iphoneos;
				TARGETED_DEVICE_FAMILY = "1,2";
				VALIDATE_PRODUCT = YES;
			};
			name = Release;
		};
		AE59B5CE1CB20B0600D016A6 /* Debug */ = {
			isa = XCBuildConfiguration;
			buildSettings = {
				ASSETCATALOG_COMPILER_APPICON_NAME = AppIcon;
				ASSETCATALOG_COMPILER_LAUNCHIMAGE_NAME = "Brand Assets";
				INFOPLIST_FILE = "Reverse Geocode Live Demo 01/Info.plist";
				LD_RUNPATH_SEARCH_PATHS = "$(inherited) @executable_path/Frameworks";
				PRODUCT_BUNDLE_IDENTIFIER = "br.com.felipemarino.Reverse-Geocode-Live-Demo-01";
				PRODUCT_NAME = "$(TARGET_NAME)";
			};
			name = Debug;
		};
		AE59B5CF1CB20B0600D016A6 /* Release */ = {
			isa = XCBuildConfiguration;
			buildSettings = {
				ASSETCATALOG_COMPILER_APPICON_NAME = AppIcon;
				ASSETCATALOG_COMPILER_LAUNCHIMAGE_NAME = "Brand Assets";
				INFOPLIST_FILE = "Reverse Geocode Live Demo 01/Info.plist";
				LD_RUNPATH_SEARCH_PATHS = "$(inherited) @executable_path/Frameworks";
				PRODUCT_BUNDLE_IDENTIFIER = "br.com.felipemarino.Reverse-Geocode-Live-Demo-01";
				PRODUCT_NAME = "$(TARGET_NAME)";
			};
			name = Release;
		};
/* End XCBuildConfiguration section */

/* Begin XCConfigurationList section */
		AE59B5B11CB20B0600D016A6 /* Build configuration list for PBXProject "Reverse Geocode Live Demo 01" */ = {
			isa = XCConfigurationList;
			buildConfigurations = (
				AE59B5CB1CB20B0600D016A6 /* Debug */,
				AE59B5CC1CB20B0600D016A6 /* Release */,
			);
			defaultConfigurationIsVisible = 0;
			defaultConfigurationName = Release;
		};
		AE59B5CD1CB20B0600D016A6 /* Build configuration list for PBXNativeTarget "Reverse Geocode Live Demo 01" */ = {
			isa = XCConfigurationList;
			buildConfigurations = (
				AE59B5CE1CB20B0600D016A6 /* Debug */,
				AE59B5CF1CB20B0600D016A6 /* Release */,
			);
			defaultConfigurationIsVisible = 0;
		};
/* End XCConfigurationList section */
	};
	rootObject = AE59B5AE1CB20B0600D016A6 /* Project object */;
}
